
Microsoft Visual Studio Solution File, Format Version 12.00
# Visual Studio Version 17
VisualStudioVersion = 17.11.35222.181
MinimumVisualStudioVersion = 10.0.40219.1
Project("{FAE04EC0-301F-11D3-BF4B-00C04F79EFBC}") = "BulkyWeb", "BulkyWeb\BulkyWeb.csproj", "{10BE4FBD-A68C-4A2B-9D44-D6F815F92A59}"
EndProject
Global
	GlobalSection(SolutionConfigurationPlatforms) = preSolution
		Debug|Any CPU = Debug|Any CPU
		Release|Any CPU = Release|Any CPU
	EndGlobalSection
	GlobalSection(ProjectConfigurationPlatforms) = postSolution
		{10BE4FBD-A68C-4A2B-9D44-D6F815F92A59}.Debug|Any CPU.ActiveCfg = Debug|Any CPU
		{10BE4FBD-A68C-4A2B-9D44-D6F815F92A59}.Debug|Any CPU.Build.0 = Debug|Any CPU
		{10BE4FBD-A68C-4A2B-9D44-D6F815F92A59}.Release|Any CPU.ActiveCfg = Release|Any CPU
		{10BE4FBD-A68C-4A2B-9D44-D6F815F92A59}.Release|Any CPU.Build.0 = Release|Any CPU
	EndGlobalSection
	GlobalSection(SolutionProperties) = preSolution
		HideSolutionNode = FALSE
	EndGlobalSection
	GlobalSection(ExtensibilityGlobals) = postSolution
		SolutionGuid = {6556A1F4-BD09-4572-832A-9C9BD162A54E}
	EndGlobalSection
EndGlobal
